<Solution>
  <Project Path="ejer1/ejer1.csproj" />
  <Project Path="ejer10/ejer10.csproj" Id="b33c0d63-5606-49ff-9f69-bc7bf87bf04d" />
  <Project Path="ejer2/ejer2.csproj" />
  <Project Path="ejer3/ejer3.csproj" />
  <Project Path="ejer4/ejer4.csproj" />
  <Project Path="ejer5/ejer5.csproj" Id="4893e86a-de54-4887-a88f-a3c6e8671d53" />
  <Project Path="ejer6/ejer6.csproj" Id="d6816e0f-e8df-481c-a6a8-f0010b6d35bd" />
  <Project Path="ejer7/ejer7.csproj" Id="08c5c8df-68a4-49ad-aab3-78a7bca8b662" />
  <Project Path="ejer8/ejer8.csproj" Id="0420f933-6d1d-483f-8753-2100ca757a62" />
  <Project Path="ejer9/ejer9.csproj" Id="91f768af-5c84-4ef9-97c6-9f0e8a9f1e4f" />
</Solution>
